
Microsoft Visual Studio Solution File, Format Version 12.00
# Visual Studio Version 16
VisualStudioVersion = 16.0.32510.428
MinimumVisualStudioVersion = 10.0.40219.1
Project("{FAE04EC0-301F-11D3-BF4B-00C04F79EFBC}") = "Lab5", "Lab5.csproj", "{A856CCDC-D6CC-4ECD-9AF9-12FCB1BC3AB3}"
EndProject
Global
	GlobalSection(SolutionConfigurationPlatforms) = preSolution
		Debug|Any CPU = Debug|Any CPU
		Release|Any CPU = Release|Any CPU
	EndGlobalSection
	GlobalSection(ProjectConfigurationPlatforms) = postSolution
		{A856CCDC-D6CC-4ECD-9AF9-12FCB1BC3AB3}.Debug|Any CPU.ActiveCfg = Debug|Any CPU
		{A856CCDC-D6CC-4ECD-9AF9-12FCB1BC3AB3}.Debug|Any CPU.Build.0 = Debug|Any CPU
		{A856CCDC-D6CC-4ECD-9AF9-12FCB1BC3AB3}.Release|Any CPU.ActiveCfg = Release|Any CPU
		{A856CCDC-D6CC-4ECD-9AF9-12FCB1BC3AB3}.Release|Any CPU.Build.0 = Release|Any CPU
	EndGlobalSection
	GlobalSection(SolutionProperties) = preSolution
		HideSolutionNode = FALSE
	EndGlobalSection
	GlobalSection(ExtensibilityGlobals) = postSolution
		SolutionGuid = {7873E056-6449-4BED-A83E-5306BEA404F6}
	EndGlobalSection
EndGlobal
